
Microsoft Visual Studio Solution File, Format Version 12.00
# Visual Studio Version 16
VisualStudioVersion = 16.0.31205.134
MinimumVisualStudioVersion = 10.0.40219.1
Project("{FAE04EC0-301F-11D3-BF4B-00C04F79EFBC}") = "CheckBrainApp", "CheckBrainApp\CheckBrainApp.csproj", "{860B4C3A-8D17-456E-8697-5493DD40EC7D}"
EndProject
Project("{54435603-DBB4-11D2-8724-00A0C9A8B90C}") = "Micology", "Micology\Micology.vdproj", "{D78890C3-2E66-41F8-8BD2-189763158989}"
EndProject
Global
	GlobalSection(SolutionConfigurationPlatforms) = preSolution
		Debug|Any CPU = Debug|Any CPU
		Release|Any CPU = Release|Any CPU
	EndGlobalSection
	GlobalSection(ProjectConfigurationPlatforms) = postSolution
		{860B4C3A-8D17-456E-8697-5493DD40EC7D}.Debug|Any CPU.ActiveCfg = Debug|Any CPU
		{860B4C3A-8D17-456E-8697-5493DD40EC7D}.Debug|Any CPU.Build.0 = Debug|Any CPU
		{860B4C3A-8D17-456E-8697-5493DD40EC7D}.Release|Any CPU.ActiveCfg = Release|Any CPU
		{860B4C3A-8D17-456E-8697-5493DD40EC7D}.Release|Any CPU.Build.0 = Release|Any CPU
		{D78890C3-2E66-41F8-8BD2-189763158989}.Debug|Any CPU.ActiveCfg = Debug
		{D78890C3-2E66-41F8-8BD2-189763158989}.Release|Any CPU.ActiveCfg = Release
	EndGlobalSection
	GlobalSection(SolutionProperties) = preSolution
		HideSolutionNode = FALSE
	EndGlobalSection
	GlobalSection(ExtensibilityGlobals) = postSolution
		SolutionGuid = {9CF98488-87CB-46FA-93D5-06ECBCDB5570}
	EndGlobalSection
EndGlobal
